
Microsoft Visual Studio Solution File, Format Version 12.00
# Visual Studio Version 16
VisualStudioVersion = 16.0.30204.135
MinimumVisualStudioVersion = 10.0.40219.1
Project("{FAE04EC0-301F-11D3-BF4B-00C04F79EFBC}") = "MovieRental", "MovieRental\MovieRental.csproj", "{DDAB202F-98AE-4ED5-ABD8-EE57BE9309FF}"
EndProject
Global
	GlobalSection(SolutionConfigurationPlatforms) = preSolution
		Debug|Any CPU = Debug|Any CPU
		Release|Any CPU = Release|Any CPU
	EndGlobalSection
	GlobalSection(ProjectConfigurationPlatforms) = postSolution
		{DDAB202F-98AE-4ED5-ABD8-EE57BE9309FF}.Debug|Any CPU.ActiveCfg = Debug|Any CPU
		{DDAB202F-98AE-4ED5-ABD8-EE57BE9309FF}.Debug|Any CPU.Build.0 = Debug|Any CPU
		{DDAB202F-98AE-4ED5-ABD8-EE57BE9309FF}.Release|Any CPU.ActiveCfg = Release|Any CPU
		{DDAB202F-98AE-4ED5-ABD8-EE57BE9309FF}.Release|Any CPU.Build.0 = Release|Any CPU
	EndGlobalSection
	GlobalSection(SolutionProperties) = preSolution
		HideSolutionNode = FALSE
	EndGlobalSection
	GlobalSection(ExtensibilityGlobals) = postSolution
		SolutionGuid = {CA6D2C5B-B98E-41A7-876C-7A7AF16D8C3A}
	EndGlobalSection
EndGlobal
